{
  "name": "prisma-dto-generator",
  "version": "1.2.8",
  "lockfileVersion": 2,
  "requires": true,
  "packages": {
    "": {
      "name": "prisma-dto-generator",
      "version": "1.2.8",
      "license": "ISC",
      "dependencies": {
        "prisma-dto": "^1.2.7",
        "reflect-metadata": "^0.1.13",
        "typescript": "^4.9.4"
      }
    },
    "node_modules/prisma-dto": {
      "version": "1.2.7",
      "resolved": "https://registry.npmjs.org/prisma-dto/-/prisma-dto-1.2.7.tgz",
      "integrity": "sha512-yu09hkKzcQwF2TMV+CGPVPvbRNa/lc/MY2ndRlvDQCuQykLrFhpIZxVLIeqAnRJljp66dYvKdfz5xxM3sOm+eQ==",
      "dependencies": {
        "reflect-metadata": "^0.1.13",
        "typescript": "^4.9.4"
      }
    },
    "node_modules/reflect-metadata": {
      "version": "0.1.13",
      "resolved": "https://registry.npmjs.org/reflect-metadata/-/reflect-metadata-0.1.13.tgz",
      "integrity": "sha512-Ts1Y/anZELhSsjMcU605fU9RE4Oi3p5ORujwbIKXfWa+0Zxs510Qrmrce5/Jowq3cHSZSJqBjypxmHarc+vEWg=="
    },
    "node_modules/typescript": {
      "version": "4.9.4",
      "resolved": "https://registry.npmjs.org/typescript/-/typescript-4.9.4.tgz",
      "integrity": "sha512-Uz+dTXYzxXXbsFpM86Wh3dKCxrQqUcVMxwU54orwlJjOpO3ao8L7j5lH+dWfTwgCwIuM9GQ2kvVotzYJMXTBZg==",
      "bin": {
        "tsc": "bin/tsc",
        "tsserver": "bin/tsserver"
      },
      "engines": {
        "node": ">=4.2.0"
      }
    }
  },
  "dependencies": {
    "prisma-dto": {
      "version": "1.2.7",
      "resolved": "https://registry.npmjs.org/prisma-dto/-/prisma-dto-1.2.7.tgz",
      "integrity": "sha512-yu09hkKzcQwF2TMV+CGPVPvbRNa/lc/MY2ndRlvDQCuQykLrFhpIZxVLIeqAnRJljp66dYvKdfz5xxM3sOm+eQ==",
      "requires": {
        "reflect-metadata": "^0.1.13",
        "typescript": "^4.9.4"
      }
    },
    "reflect-metadata": {
      "version": "0.1.13",
      "resolved": "https://registry.npmjs.org/reflect-metadata/-/reflect-metadata-0.1.13.tgz",
      "integrity": "sha512-Ts1Y/anZELhSsjMcU605fU9RE4Oi3p5ORujwbIKXfWa+0Zxs510Qrmrce5/Jowq3cHSZSJqBjypxmHarc+vEWg=="
    },
    "typescript": {
      "version": "4.9.4",
      "resolved": "https://registry.npmjs.org/typescript/-/typescript-4.9.4.tgz",
      "integrity": "sha512-Uz+dTXYzxXXbsFpM86Wh3dKCxrQqUcVMxwU54orwlJjOpO3ao8L7j5lH+dWfTwgCwIuM9GQ2kvVotzYJMXTBZg=="
    }
  }
}
